// !$*UTF8*$!
{
	archiveVersion = 1;
	classes = {
	};
	objectVersion = 56;
	objects = {

/* Begin PBXBuildFile section */
		3F2BFF782A978B250065429E /* AppDelegate.m in Sources */ = {isa = PBXBuildFile; fileRef = 3F2BFF772A978B250065429E /* AppDelegate.m */; };
		3F2BFF7B2A978B250065429E /* SceneDelegate.m in Sources */ = {isa = PBXBuildFile; fileRef = 3F2BFF7A2A978B250065429E /* SceneDelegate.m */; };
		3F2BFF832A978B260065429E /* Assets.xcassets in Resources */ = {isa = PBXBuildFile; fileRef = 3F2BFF822A978B260065429E /* Assets.xcassets */; };
		3F2BFF862A978B260065429E /* LaunchScreen.storyboard in Resources */ = {isa = PBXBuildFile; fileRef = 3F2BFF842A978B260065429E /* LaunchScreen.storyboard */; };
		3F2BFF892A978B260065429E /* main.m in Sources */ = {isa = PBXBuildFile; fileRef = 3F2BFF882A978B260065429E /* main.m */; };
		3F2BFF912A978B790065429E /* CanvasViewController.m in Sources */ = {isa = PBXBuildFile; fileRef = 3F2BFF902A978B790065429E /* CanvasViewController.m */; };
		3F2BFF942A978B8B0065429E /* PaletteViewController.m in Sources */ = {isa = PBXBuildFile; fileRef = 3F2BFF932A978B8B0065429E /* PaletteViewController.m */; };
		3F2BFF972A978B980065429E /* ThumbnailViewController.m in Sources */ = {isa = PBXBuildFile; fileRef = 3F2BFF962A978B980065429E /* ThumbnailViewController.m */; };
		3F2BFF9C2A978C140065429E /* Vertex.m in Sources */ = {isa = PBXBuildFile; fileRef = 3F2BFF9B2A978C140065429E /* Vertex.m */; };
		3F2BFF9F2A978C1D0065429E /* Stroke.m in Sources */ = {isa = PBXBuildFile; fileRef = 3F2BFF9E2A978C1D0065429E /* Stroke.m */; };
		3F2BFFA22A978C240065429E /* Dot.m in Sources */ = {isa = PBXBuildFile; fileRef = 3F2BFFA12A978C240065429E /* Dot.m */; };
		3F2BFFA62A97A41B0065429E /* CanvasView.m in Sources */ = {isa = PBXBuildFile; fileRef = 3F2BFFA52A97A41B0065429E /* CanvasView.m */; };
		3F2BFFA92A97A42F0065429E /* PaperCanvasView.m in Sources */ = {isa = PBXBuildFile; fileRef = 3F2BFFA82A97A42F0065429E /* PaperCanvasView.m */; };
		3F2BFFAC2A97A4440065429E /* ClothCanvasView.m in Sources */ = {isa = PBXBuildFile; fileRef = 3F2BFFAB2A97A4440065429E /* ClothCanvasView.m */; };
		3F2BFFB02A97A4CE0065429E /* CanvasViewGenerator.m in Sources */ = {isa = PBXBuildFile; fileRef = 3F2BFFAF2A97A4CE0065429E /* CanvasViewGenerator.m */; };
		3F2BFFB32A97A52C0065429E /* PaperCanvasViewGenerator.m in Sources */ = {isa = PBXBuildFile; fileRef = 3F2BFFB22A97A52C0065429E /* PaperCanvasViewGenerator.m */; };
		3F2BFFB62A97A54F0065429E /* ClothCanvasViewGenerator.m in Sources */ = {isa = PBXBuildFile; fileRef = 3F2BFFB52A97A54F0065429E /* ClothCanvasViewGenerator.m */; };
		3F2BFFBA2A9996D30065429E /* Command.m in Sources */ = {isa = PBXBuildFile; fileRef = 3F2BFFB92A9996D30065429E /* Command.m */; };
		3F2BFFBD2A9996F50065429E /* SetStrokeColorCommand.m in Sources */ = {isa = PBXBuildFile; fileRef = 3F2BFFBC2A9996F50065429E /* SetStrokeColorCommand.m */; };
		3F2BFFC02A9997FF0065429E /* CoordinatingController.m in Sources */ = {isa = PBXBuildFile; fileRef = 3F2BFFBF2A9997FF0065429E /* CoordinatingController.m */; };
		3F2BFFC42A999D3E0065429E /* CommandSlider.m in Sources */ = {isa = PBXBuildFile; fileRef = 3F2BFFC32A999D3E0065429E /* CommandSlider.m */; };
		3F2BFFC82A99A6C50065429E /* ScribbleManager.m in Sources */ = {isa = PBXBuildFile; fileRef = 3F2BFFC72A99A6C50065429E /* ScribbleManager.m */; };
		3F2BFFCB2A99ACAA0065429E /* Scribble.m in Sources */ = {isa = PBXBuildFile; fileRef = 3F2BFFCA2A99ACAA0065429E /* Scribble.m */; };
		3F2BFFCE2A99C79C0065429E /* MarkEnumerator.m in Sources */ = {isa = PBXBuildFile; fileRef = 3F2BFFCD2A99C79C0065429E /* MarkEnumerator.m */; };
		3F2BFFD32A99C83B0065429E /* NSMutableArray+Stack.m in Sources */ = {isa = PBXBuildFile; fileRef = 3F2BFFD22A99C83B0065429E /* NSMutableArray+Stack.m */; };
		3F2BFFD72A99CE320065429E /* MarkRender.m in Sources */ = {isa = PBXBuildFile; fileRef = 3F2BFFD62A99CE320065429E /* MarkRender.m */; };
		3F4C1AFA2A99EBAF006C62D4 /* ScribbleMemento.m in Sources */ = {isa = PBXBuildFile; fileRef = 3F4C1AF92A99EBAF006C62D4 /* ScribbleMemento.m */; };
		3F4C1B562A99F1E7006C62D4 /* NSFileManager+Path.m in Sources */ = {isa = PBXBuildFile; fileRef = 3F4C1B552A99F1E7006C62D4 /* NSFileManager+Path.m */; };
/* End PBXBuildFile section */

/* Begin PBXFileReference section */
		3F2BFF732A978B250065429E /* TouchPainter.app */ = {isa = PBXFileReference; explicitFileType = wrapper.application; includeInIndex = 0; path = TouchPainter.app; sourceTree = BUILT_PRODUCTS_DIR; };
		3F2BFF762A978B250065429E /* AppDelegate.h */ = {isa = PBXFileReference; lastKnownFileType = sourcecode.c.h; path = AppDelegate.h; sourceTree = "<group>"; };
		3F2BFF772A978B250065429E /* AppDelegate.m */ = {isa = PBXFileReference; lastKnownFileType = sourcecode.c.objc; path = AppDelegate.m; sourceTree = "<group>"; };
		3F2BFF792A978B250065429E /* SceneDelegate.h */ = {isa = PBXFileReference; lastKnownFileType = sourcecode.c.h; path = SceneDelegate.h; sourceTree = "<group>"; };
		3F2BFF7A2A978B250065429E /* SceneDelegate.m */ = {isa = PBXFileReference; lastKnownFileType = sourcecode.c.objc; path = SceneDelegate.m; sourceTree = "<group>"; };
		3F2BFF822A978B260065429E /* Assets.xcassets */ = {isa = PBXFileReference; lastKnownFileType = folder.assetcatalog; path = Assets.xcassets; sourceTree = "<group>"; };
		3F2BFF852A978B260065429E /* Base */ = {isa = PBXFileReference; lastKnownFileType = file.storyboard; name = Base; path = Base.lproj/LaunchScreen.storyboard; sourceTree = "<group>"; };
		3F2BFF872A978B260065429E /* Info.plist */ = {isa = PBXFileReference; lastKnownFileType = text.plist.xml; path = Info.plist; sourceTree = "<group>"; };
		3F2BFF882A978B260065429E /* main.m */ = {isa = PBXFileReference; lastKnownFileType = sourcecode.c.objc; path = main.m; sourceTree = "<group>"; };
		3F2BFF8F2A978B790065429E /* CanvasViewController.h */ = {isa = PBXFileReference; lastKnownFileType = sourcecode.c.h; path = CanvasViewController.h; sourceTree = "<group>"; };
		3F2BFF902A978B790065429E /* CanvasViewController.m */ = {isa = PBXFileReference; lastKnownFileType = sourcecode.c.objc; path = CanvasViewController.m; sourceTree = "<group>"; };
		3F2BFF922A978B8B0065429E /* PaletteViewController.h */ = {isa = PBXFileReference; lastKnownFileType = sourcecode.c.h; path = PaletteViewController.h; sourceTree = "<group>"; };
		3F2BFF932A978B8B0065429E /* PaletteViewController.m */ = {isa = PBXFileReference; lastKnownFileType = sourcecode.c.objc; path = PaletteViewController.m; sourceTree = "<group>"; };
		3F2BFF952A978B980065429E /* ThumbnailViewController.h */ = {isa = PBXFileReference; lastKnownFileType = sourcecode.c.h; path = ThumbnailViewController.h; sourceTree = "<group>"; };
		3F2BFF962A978B980065429E /* ThumbnailViewController.m */ = {isa = PBXFileReference; lastKnownFileType = sourcecode.c.objc; path = ThumbnailViewController.m; sourceTree = "<group>"; };
		3F2BFF992A978BDE0065429E /* Mark.h */ = {isa = PBXFileReference; lastKnownFileType = sourcecode.c.h; path = Mark.h; sourceTree = "<group>"; };
		3F2BFF9A2A978C140065429E /* Vertex.h */ = {isa = PBXFileReference; lastKnownFileType = sourcecode.c.h; path = Vertex.h; sourceTree = "<group>"; };
		3F2BFF9B2A978C140065429E /* Vertex.m */ = {isa = PBXFileReference; lastKnownFileType = sourcecode.c.objc; path = Vertex.m; sourceTree = "<group>"; };
		3F2BFF9D2A978C1D0065429E /* Stroke.h */ = {isa = PBXFileReference; lastKnownFileType = sourcecode.c.h; path = Stroke.h; sourceTree = "<group>"; };
		3F2BFF9E2A978C1D0065429E /* Stroke.m */ = {isa = PBXFileReference; lastKnownFileType = sourcecode.c.objc; path = Stroke.m; sourceTree = "<group>"; };
		3F2BFFA02A978C240065429E /* Dot.h */ = {isa = PBXFileReference; lastKnownFileType = sourcecode.c.h; path = Dot.h; sourceTree = "<group>"; };
		3F2BFFA12A978C240065429E /* Dot.m */ = {isa = PBXFileReference; lastKnownFileType = sourcecode.c.objc; path = Dot.m; sourceTree = "<group>"; };
		3F2BFFA42A97A41B0065429E /* CanvasView.h */ = {isa = PBXFileReference; lastKnownFileType = sourcecode.c.h; path = CanvasView.h; sourceTree = "<group>"; };
		3F2BFFA52A97A41B0065429E /* CanvasView.m */ = {isa = PBXFileReference; lastKnownFileType = sourcecode.c.objc; path = CanvasView.m; sourceTree = "<group>"; };
		3F2BFFA72A97A42F0065429E /* PaperCanvasView.h */ = {isa = PBXFileReference; lastKnownFileType = sourcecode.c.h; path = PaperCanvasView.h; sourceTree = "<group>"; };
		3F2BFFA82A97A42F0065429E /* PaperCanvasView.m */ = {isa = PBXFileReference; lastKnownFileType = sourcecode.c.objc; path = PaperCanvasView.m; sourceTree = "<group>"; };
		3F2BFFAA2A97A4440065429E /* ClothCanvasView.h */ = {isa = PBXFileReference; lastKnownFileType = sourcecode.c.h; path = ClothCanvasView.h; sourceTree = "<group>"; };
		3F2BFFAB2A97A4440065429E /* ClothCanvasView.m */ = {isa = PBXFileReference; lastKnownFileType = sourcecode.c.objc; path = ClothCanvasView.m; sourceTree = "<group>"; };
		3F2BFFAE2A97A4CE0065429E /* CanvasViewGenerator.h */ = {isa = PBXFileReference; lastKnownFileType = sourcecode.c.h; path = CanvasViewGenerator.h; sourceTree = "<group>"; };
		3F2BFFAF2A97A4CE0065429E /* CanvasViewGenerator.m */ = {isa = PBXFileReference; lastKnownFileType = sourcecode.c.objc; path = CanvasViewGenerator.m; sourceTree = "<group>"; };
		3F2BFFB12A97A52C0065429E /* PaperCanvasViewGenerator.h */ = {isa = PBXFileReference; lastKnownFileType = sourcecode.c.h; path = PaperCanvasViewGenerator.h; sourceTree = "<group>"; };
		3F2BFFB22A97A52C0065429E /* PaperCanvasViewGenerator.m */ = {isa = PBXFileReference; lastKnownFileType = sourcecode.c.objc; path = PaperCanvasViewGenerator.m; sourceTree = "<group>"; };
		3F2BFFB42A97A54F0065429E /* ClothCanvasViewGenerator.h */ = {isa = PBXFileReference; lastKnownFileType = sourcecode.c.h; path = ClothCanvasViewGenerator.h; sourceTree = "<group>"; };
		3F2BFFB52A97A54F0065429E /* ClothCanvasViewGenerator.m */ = {isa = PBXFileReference; lastKnownFileType = sourcecode.c.objc; path = ClothCanvasViewGenerator.m; sourceTree = "<group>"; };
		3F2BFFB82A9996D30065429E /* Command.h */ = {isa = PBXFileReference; lastKnownFileType = sourcecode.c.h; path = Command.h; sourceTree = "<group>"; };
		3F2BFFB92A9996D30065429E /* Command.m */ = {isa = PBXFileReference; lastKnownFileType = sourcecode.c.objc; path = Command.m; sourceTree = "<group>"; };
		3F2BFFBB2A9996F50065429E /* SetStrokeColorCommand.h */ = {isa = PBXFileReference; lastKnownFileType = sourcecode.c.h; path = SetStrokeColorCommand.h; sourceTree = "<group>"; };
		3F2BFFBC2A9996F50065429E /* SetStrokeColorCommand.m */ = {isa = PBXFileReference; lastKnownFileType = sourcecode.c.objc; path = SetStrokeColorCommand.m; sourceTree = "<group>"; };
		3F2BFFBE2A9997FF0065429E /* CoordinatingController.h */ = {isa = PBXFileReference; lastKnownFileType = sourcecode.c.h; path = CoordinatingController.h; sourceTree = "<group>"; };
		3F2BFFBF2A9997FF0065429E /* CoordinatingController.m */ = {isa = PBXFileReference; lastKnownFileType = sourcecode.c.objc; path = CoordinatingController.m; sourceTree = "<group>"; };
		3F2BFFC22A999D3E0065429E /* CommandSlider.h */ = {isa = PBXFileReference; lastKnownFileType = sourcecode.c.h; path = CommandSlider.h; sourceTree = "<group>"; };
		3F2BFFC32A999D3E0065429E /* CommandSlider.m */ = {isa = PBXFileReference; lastKnownFileType = sourcecode.c.objc; path = CommandSlider.m; sourceTree = "<group>"; };
		3F2BFFC62A99A6C50065429E /* ScribbleManager.h */ = {isa = PBXFileReference; lastKnownFileType = sourcecode.c.h; path = ScribbleManager.h; sourceTree = "<group>"; };
		3F2BFFC72A99A6C50065429E /* ScribbleManager.m */ = {isa = PBXFileReference; lastKnownFileType = sourcecode.c.objc; path = ScribbleManager.m; sourceTree = "<group>"; };
		3F2BFFC92A99ACAA0065429E /* Scribble.h */ = {isa = PBXFileReference; lastKnownFileType = sourcecode.c.h; path = Scribble.h; sourceTree = "<group>"; };
		3F2BFFCA2A99ACAA0065429E /* Scribble.m */ = {isa = PBXFileReference; lastKnownFileType = sourcecode.c.objc; path = Scribble.m; sourceTree = "<group>"; };
		3F2BFFCC2A99C79C0065429E /* MarkEnumerator.h */ = {isa = PBXFileReference; lastKnownFileType = sourcecode.c.h; path = MarkEnumerator.h; sourceTree = "<group>"; };
		3F2BFFCD2A99C79C0065429E /* MarkEnumerator.m */ = {isa = PBXFileReference; lastKnownFileType = sourcecode.c.objc; path = MarkEnumerator.m; sourceTree = "<group>"; };
		3F2BFFD12A99C83B0065429E /* NSMutableArray+Stack.h */ = {isa = PBXFileReference; lastKnownFileType = sourcecode.c.h; path = "NSMutableArray+Stack.h"; sourceTree = "<group>"; };
		3F2BFFD22A99C83B0065429E /* NSMutableArray+Stack.m */ = {isa = PBXFileReference; lastKnownFileType = sourcecode.c.objc; path = "NSMutableArray+Stack.m"; sourceTree = "<group>"; };
		3F2BFFD42A99CDD30065429E /* MarkVisitor.h */ = {isa = PBXFileReference; lastKnownFileType = sourcecode.c.h; path = MarkVisitor.h; sourceTree = "<group>"; };
		3F2BFFD52A99CE320065429E /* MarkRender.h */ = {isa = PBXFileReference; lastKnownFileType = sourcecode.c.h; path = MarkRender.h; sourceTree = "<group>"; };
		3F2BFFD62A99CE320065429E /* MarkRender.m */ = {isa = PBXFileReference; lastKnownFileType = sourcecode.c.objc; path = MarkRender.m; sourceTree = "<group>"; };
		3F4C1AF82A99EBAF006C62D4 /* ScribbleMemento.h */ = {isa = PBXFileReference; lastKnownFileType = sourcecode.c.h; path = ScribbleMemento.h; sourceTree = "<group>"; };
		3F4C1AF92A99EBAF006C62D4 /* ScribbleMemento.m */ = {isa = PBXFileReference; lastKnownFileType = sourcecode.c.objc; path = ScribbleMemento.m; sourceTree = "<group>"; };
		3F4C1B542A99F1E7006C62D4 /* NSFileManager+Path.h */ = {isa = PBXFileReference; lastKnownFileType = sourcecode.c.h; path = "NSFileManager+Path.h"; sourceTree = "<group>"; };
		3F4C1B552A99F1E7006C62D4 /* NSFileManager+Path.m */ = {isa = PBXFileReference; lastKnownFileType = sourcecode.c.objc; path = "NSFileManager+Path.m"; sourceTree = "<group>"; };
/* End PBXFileReference section */

/* Begin PBXFrameworksBuildPhase section */
		3F2BFF702A978B250065429E /* Frameworks */ = {
			isa = PBXFrameworksBuildPhase;
			buildActionMask = 2147483647;
			files = (
			);
			runOnlyForDeploymentPostprocessing = 0;
		};
/* End PBXFrameworksBuildPhase section */

/* Begin PBXGroup section */
		3F2BFF6A2A978B250065429E = {
			isa = PBXGroup;
			children = (
				3F2BFF752A978B250065429E /* TouchPainter */,
				3F2BFF742A978B250065429E /* Products */,
			);
			sourceTree = "<group>";
		};
		3F2BFF742A978B250065429E /* Products */ = {
			isa = PBXGroup;
			children = (
				3F2BFF732A978B250065429E /* TouchPainter.app */,
			);
			name = Products;
			sourceTree = "<group>";
		};
		3F2BFF752A978B250065429E /* TouchPainter */ = {
			isa = PBXGroup;
			children = (
				3F4C1AF72A99EA39006C62D4 /* TouchPainter */,
				3F2BFFCF2A99C80F0065429E /* MMFoundation */,
				3F2BFFC52A99A6A90065429E /* Controller */,
				3F2BFFA32A97A40A0065429E /* View */,
				3F2BFF982A978BBF0065429E /* Model */,
				3F2BFF872A978B260065429E /* Info.plist */,
			);
			path = TouchPainter;
			sourceTree = "<group>";
		};
		3F2BFF982A978BBF0065429E /* Model */ = {
			isa = PBXGroup;
			children = (
				3F2BFFB72A9996B70065429E /* Mark */,
				3F2BFFB82A9996D30065429E /* Command.h */,
				3F2BFFB92A9996D30065429E /* Command.m */,
				3F2BFFBB2A9996F50065429E /* SetStrokeColorCommand.h */,
				3F2BFFBC2A9996F50065429E /* SetStrokeColorCommand.m */,
				3F2BFFC62A99A6C50065429E /* ScribbleManager.h */,
				3F2BFFC72A99A6C50065429E /* ScribbleManager.m */,
				3F2BFFC92A99ACAA0065429E /* Scribble.h */,
				3F2BFFCA2A99ACAA0065429E /* Scribble.m */,
				3F4C1AF82A99EBAF006C62D4 /* ScribbleMemento.h */,
				3F4C1AF92A99EBAF006C62D4 /* ScribbleMemento.m */,
			);
			path = Model;
			sourceTree = "<group>";
		};
		3F2BFFA32A97A40A0065429E /* View */ = {
			isa = PBXGroup;
			children = (
				3F2BFFC12A999D280065429E /* Canvas */,
				3F2BFFC22A999D3E0065429E /* CommandSlider.h */,
				3F2BFFC32A999D3E0065429E /* CommandSlider.m */,
			);
			path = View;
			sourceTree = "<group>";
		};
		3F2BFFAD2A97A4BD0065429E /* Generator */ = {
			isa = PBXGroup;
			children = (
				3F2BFFAE2A97A4CE0065429E /* CanvasViewGenerator.h */,
				3F2BFFAF2A97A4CE0065429E /* CanvasViewGenerator.m */,
				3F2BFFB12A97A52C0065429E /* PaperCanvasViewGenerator.h */,
				3F2BFFB22A97A52C0065429E /* PaperCanvasViewGenerator.m */,
				3F2BFFB42A97A54F0065429E /* ClothCanvasViewGenerator.h */,
				3F2BFFB52A97A54F0065429E /* ClothCanvasViewGenerator.m */,
			);
			path = Generator;
			sourceTree = "<group>";
		};
		3F2BFFB72A9996B70065429E /* Mark */ = {
			isa = PBXGroup;
			children = (
				3F2BFF992A978BDE0065429E /* Mark.h */,
				3F2BFF9A2A978C140065429E /* Vertex.h */,
				3F2BFF9B2A978C140065429E /* Vertex.m */,
				3F2BFF9D2A978C1D0065429E /* Stroke.h */,
				3F2BFF9E2A978C1D0065429E /* Stroke.m */,
				3F2BFFA02A978C240065429E /* Dot.h */,
				3F2BFFA12A978C240065429E /* Dot.m */,
				3F2BFFCC2A99C79C0065429E /* MarkEnumerator.h */,
				3F2BFFCD2A99C79C0065429E /* MarkEnumerator.m */,
				3F2BFFD42A99CDD30065429E /* MarkVisitor.h */,
				3F2BFFD52A99CE320065429E /* MarkRender.h */,
				3F2BFFD62A99CE320065429E /* MarkRender.m */,
			);
			path = Mark;
			sourceTree = "<group>";
		};
		3F2BFFC12A999D280065429E /* Canvas */ = {
			isa = PBXGroup;
			children = (
				3F2BFFAD2A97A4BD0065429E /* Generator */,
				3F2BFFA42A97A41B0065429E /* CanvasView.h */,
				3F2BFFA52A97A41B0065429E /* CanvasView.m */,
				3F2BFFA72A97A42F0065429E /* PaperCanvasView.h */,
				3F2BFFA82A97A42F0065429E /* PaperCanvasView.m */,
				3F2BFFAA2A97A4440065429E /* ClothCanvasView.h */,
				3F2BFFAB2A97A4440065429E /* ClothCanvasView.m */,
			);
			path = Canvas;
			sourceTree = "<group>";
		};
		3F2BFFC52A99A6A90065429E /* Controller */ = {
			isa = PBXGroup;
			children = (
				3F2BFF8F2A978B790065429E /* CanvasViewController.h */,
				3F2BFF902A978B790065429E /* CanvasViewController.m */,
				3F2BFF922A978B8B0065429E /* PaletteViewController.h */,
				3F2BFF932A978B8B0065429E /* PaletteViewController.m */,
				3F2BFF952A978B980065429E /* ThumbnailViewController.h */,
				3F2BFF962A978B980065429E /* ThumbnailViewController.m */,
				3F2BFFBE2A9997FF0065429E /* CoordinatingController.h */,
				3F2BFFBF2A9997FF0065429E /* CoordinatingController.m */,
			);
			path = Controller;
			sourceTree = "<group>";
		};
		3F2BFFCF2A99C80F0065429E /* MMFoundation */ = {
			isa = PBXGroup;
			children = (
				3F2BFFD12A99C83B0065429E /* NSMutableArray+Stack.h */,
				3F2BFFD22A99C83B0065429E /* NSMutableArray+Stack.m */,
				3F4C1B542A99F1E7006C62D4 /* NSFileManager+Path.h */,
				3F4C1B552A99F1E7006C62D4 /* NSFileManager+Path.m */,
			);
			path = MMFoundation;
			sourceTree = "<group>";
		};
		3F4C1AF72A99EA39006C62D4 /* TouchPainter */ = {
			isa = PBXGroup;
			children = (
				3F2BFF882A978B260065429E /* main.m */,
				3F2BFF762A978B250065429E /* AppDelegate.h */,
				3F2BFF772A978B250065429E /* AppDelegate.m */,
				3F2BFF792A978B250065429E /* SceneDelegate.h */,
				3F2BFF7A2A978B250065429E /* SceneDelegate.m */,
				3F2BFF842A978B260065429E /* LaunchScreen.storyboard */,
				3F2BFF822A978B260065429E /* Assets.xcassets */,
			);
			path = TouchPainter;
			sourceTree = "<group>";
		};
/* End PBXGroup section */

/* Begin PBXNativeTarget section */
		3F2BFF722A978B250065429E /* TouchPainter */ = {
			isa = PBXNativeTarget;
			buildConfigurationList = 3F2BFF8C2A978B260065429E /* Build configuration list for PBXNativeTarget "TouchPainter" */;
			buildPhases = (
				3F2BFF6F2A978B250065429E /* Sources */,
				3F2BFF702A978B250065429E /* Frameworks */,
				3F2BFF712A978B250065429E /* Resources */,
			);
			buildRules = (
			);
			dependencies = (
			);
			name = TouchPainter;
			productName = TouchPainter;
			productReference = 3F2BFF732A978B250065429E /* TouchPainter.app */;
			productType = "com.apple.product-type.application";
		};
/* End PBXNativeTarget section */

/* Begin PBXProject section */
		3F2BFF6B2A978B250065429E /* Project object */ = {
			isa = PBXProject;
			attributes = {
				BuildIndependentTargetsInParallel = 1;
				LastUpgradeCheck = 1430;
				TargetAttributes = {
					3F2BFF722A978B250065429E = {
						CreatedOnToolsVersion = 14.3;
					};
				};
			};
			buildConfigurationList = 3F2BFF6E2A978B250065429E /* Build configuration list for PBXProject "TouchPainter" */;
			compatibilityVersion = "Xcode 14.0";
			developmentRegion = en;
			hasScannedForEncodings = 0;
			knownRegions = (
				en,
				Base,
			);
			mainGroup = 3F2BFF6A2A978B250065429E;
			productRefGroup = 3F2BFF742A978B250065429E /* Products */;
			projectDirPath = "";
			projectRoot = "";
			targets = (
				3F2BFF722A978B250065429E /* TouchPainter */,
			);
		};
/* End PBXProject section */

/* Begin PBXResourcesBuildPhase section */
		3F2BFF712A978B250065429E /* Resources */ = {
			isa = PBXResourcesBuildPhase;
			buildActionMask = 2147483647;
			files = (
				3F2BFF862A978B260065429E /* LaunchScreen.storyboard in Resources */,
				3F2BFF832A978B260065429E /* Assets.xcassets in Resources */,
			);
			runOnlyForDeploymentPostprocessing = 0;
		};
/* End PBXResourcesBuildPhase section */

/* Begin PBXSourcesBuildPhase section */
		3F2BFF6F2A978B250065429E /* Sources */ = {
			isa = PBXSourcesBuildPhase;
			buildActionMask = 2147483647;
			files = (
				3F2BFFB32A97A52C0065429E /* PaperCanvasViewGenerator.m in Sources */,
				3F2BFF942A978B8B0065429E /* PaletteViewController.m in Sources */,
				3F2BFFCE2A99C79C0065429E /* MarkEnumerator.m in Sources */,
				3F2BFFA62A97A41B0065429E /* CanvasView.m in Sources */,
				3F2BFFCB2A99ACAA0065429E /* Scribble.m in Sources */,
				3F2BFFD72A99CE320065429E /* MarkRender.m in Sources */,
				3F2BFF9C2A978C140065429E /* Vertex.m in Sources */,
				3F2BFFA92A97A42F0065429E /* PaperCanvasView.m in Sources */,
				3F2BFFC82A99A6C50065429E /* ScribbleManager.m in Sources */,
				3F2BFFBD2A9996F50065429E /* SetStrokeColorCommand.m in Sources */,
				3F4C1AFA2A99EBAF006C62D4 /* ScribbleMemento.m in Sources */,
				3F2BFFA22A978C240065429E /* Dot.m in Sources */,
				3F2BFFC42A999D3E0065429E /* CommandSlider.m in Sources */,
				3F2BFFD32A99C83B0065429E /* NSMutableArray+Stack.m in Sources */,
				3F2BFF782A978B250065429E /* AppDelegate.m in Sources */,
				3F2BFF912A978B790065429E /* CanvasViewController.m in Sources */,
				3F2BFF892A978B260065429E /* main.m in Sources */,
				3F2BFFB02A97A4CE0065429E /* CanvasViewGenerator.m in Sources */,
				3F2BFFBA2A9996D30065429E /* Command.m in Sources */,
				3F2BFFAC2A97A4440065429E /* ClothCanvasView.m in Sources */,
				3F2BFFC02A9997FF0065429E /* CoordinatingController.m in Sources */,
				3F2BFF972A978B980065429E /* ThumbnailViewController.m in Sources */,
				3F2BFFB62A97A54F0065429E /* ClothCanvasViewGenerator.m in Sources */,
				3F4C1B562A99F1E7006C62D4 /* NSFileManager+Path.m in Sources */,
				3F2BFF7B2A978B250065429E /* SceneDelegate.m in Sources */,
				3F2BFF9F2A978C1D0065429E /* Stroke.m in Sources */,
			);
			runOnlyForDeploymentPostprocessing = 0;
		};
/* End PBXSourcesBuildPhase section */

/* Begin PBXVariantGroup section */
		3F2BFF842A978B260065429E /* LaunchScreen.storyboard */ = {
			isa = PBXVariantGroup;
			children = (
				3F2BFF852A978B260065429E /* Base */,
			);
			name = LaunchScreen.storyboard;
			sourceTree = "<group>";
		};
/* End PBXVariantGroup section */

/* Begin XCBuildConfiguration section */
		3F2BFF8A2A978B260065429E /* Debug */ = {
			isa = XCBuildConfiguration;
			buildSettings = {
				ALWAYS_SEARCH_USER_PATHS = NO;
				CLANG_ANALYZER_NONNULL = YES;
				CLANG_ANALYZER_NUMBER_OBJECT_CONVERSION = YES_AGGRESSIVE;
				CLANG_CXX_LANGUAGE_STANDARD = "gnu++20";
				CLANG_ENABLE_MODULES = YES;
				CLANG_ENABLE_OBJC_ARC = YES;
				CLANG_ENABLE_OBJC_WEAK = YES;
				CLANG_WARN_BLOCK_CAPTURE_AUTORELEASING = YES;
				CLANG_WARN_BOOL_CONVERSION = YES;
				CLANG_WARN_COMMA = YES;
				CLANG_WARN_CONSTANT_CONVERSION = YES;
				CLANG_WARN_DEPRECATED_OBJC_IMPLEMENTATIONS = YES;
				CLANG_WARN_DIRECT_OBJC_ISA_USAGE = YES_ERROR;
				CLANG_WARN_DOCUMENTATION_COMMENTS = YES;
				CLANG_WARN_EMPTY_BODY = YES;
				CLANG_WARN_ENUM_CONVERSION = YES;
				CLANG_WARN_INFINITE_RECURSION = YES;
				CLANG_WARN_INT_CONVERSION = YES;
				CLANG_WARN_NON_LITERAL_NULL_CONVERSION = YES;
				CLANG_WARN_OBJC_IMPLICIT_RETAIN_SELF = YES;
				CLANG_WARN_OBJC_LITERAL_CONVERSION = YES;
				CLANG_WARN_OBJC_ROOT_CLASS = YES_ERROR;
				CLANG_WARN_QUOTED_INCLUDE_IN_FRAMEWORK_HEADER = YES;
				CLANG_WARN_RANGE_LOOP_ANALYSIS = YES;
				CLANG_WARN_STRICT_PROTOTYPES = YES;
				CLANG_WARN_SUSPICIOUS_MOVE = YES;
				CLANG_WARN_UNGUARDED_AVAILABILITY = YES_AGGRESSIVE;
				CLANG_WARN_UNREACHABLE_CODE = YES;
				CLANG_WARN__DUPLICATE_METHOD_MATCH = YES;
				COPY_PHASE_STRIP = NO;
				DEBUG_INFORMATION_FORMAT = dwarf;
				ENABLE_STRICT_OBJC_MSGSEND = YES;
				ENABLE_TESTABILITY = YES;
				GCC_C_LANGUAGE_STANDARD = gnu11;
				GCC_DYNAMIC_NO_PIC = NO;
				GCC_NO_COMMON_BLOCKS = YES;
				GCC_OPTIMIZATION_LEVEL = 0;
				GCC_PREPROCESSOR_DEFINITIONS = (
					"DEBUG=1",
					"$(inherited)",
				);
				GCC_WARN_64_TO_32_BIT_CONVERSION = YES;
				GCC_WARN_ABOUT_RETURN_TYPE = YES_ERROR;
				GCC_WARN_UNDECLARED_SELECTOR = YES;
				GCC_WARN_UNINITIALIZED_AUTOS = YES_AGGRESSIVE;
				GCC_WARN_UNUSED_FUNCTION = YES;
				GCC_WARN_UNUSED_VARIABLE = YES;
				IPHONEOS_DEPLOYMENT_TARGET = 16.4;
				MTL_ENABLE_DEBUG_INFO = INCLUDE_SOURCE;
				MTL_FAST_MATH = YES;
				ONLY_ACTIVE_ARCH = YES;
				SDKROOT = iphoneos;
			};
			name = Debug;
		};
		3F2BFF8B2A978B260065429E /* Release */ = {
			isa = XCBuildConfiguration;
			buildSettings = {
				ALWAYS_SEARCH_USER_PATHS = NO;
				CLANG_ANALYZER_NONNULL = YES;
				CLANG_ANALYZER_NUMBER_OBJECT_CONVERSION = YES_AGGRESSIVE;
				CLANG_CXX_LANGUAGE_STANDARD = "gnu++20";
				CLANG_ENABLE_MODULES = YES;
				CLANG_ENABLE_OBJC_ARC = YES;
				CLANG_ENABLE_OBJC_WEAK = YES;
				CLANG_WARN_BLOCK_CAPTURE_AUTORELEASING = YES;
				CLANG_WARN_BOOL_CONVERSION = YES;
				CLANG_WARN_COMMA = YES;
				CLANG_WARN_CONSTANT_CONVERSION = YES;
				CLANG_WARN_DEPRECATED_OBJC_IMPLEMENTATIONS = YES;
				CLANG_WARN_DIRECT_OBJC_ISA_USAGE = YES_ERROR;
				CLANG_WARN_DOCUMENTATION_COMMENTS = YES;
				CLANG_WARN_EMPTY_BODY = YES;
				CLANG_WARN_ENUM_CONVERSION = YES;
				CLANG_WARN_INFINITE_RECURSION = YES;
				CLANG_WARN_INT_CONVERSION = YES;
				CLANG_WARN_NON_LITERAL_NULL_CONVERSION = YES;
				CLANG_WARN_OBJC_IMPLICIT_RETAIN_SELF = YES;
				CLANG_WARN_OBJC_LITERAL_CONVERSION = YES;
				CLANG_WARN_OBJC_ROOT_CLASS = YES_ERROR;
				CLANG_WARN_QUOTED_INCLUDE_IN_FRAMEWORK_HEADER = YES;
				CLANG_WARN_RANGE_LOOP_ANALYSIS = YES;
				CLANG_WARN_STRICT_PROTOTYPES = YES;
				CLANG_WARN_SUSPICIOUS_MOVE = YES;
				CLANG_WARN_UNGUARDED_AVAILABILITY = YES_AGGRESSIVE;
				CLANG_WARN_UNREACHABLE_CODE = YES;
				CLANG_WARN__DUPLICATE_METHOD_MATCH = YES;
				COPY_PHASE_STRIP = NO;
				DEBUG_INFORMATION_FORMAT = "dwarf-with-dsym";
				ENABLE_NS_ASSERTIONS = NO;
				ENABLE_STRICT_OBJC_MSGSEND = YES;
				GCC_C_LANGUAGE_STANDARD = gnu11;
				GCC_NO_COMMON_BLOCKS = YES;
				GCC_WARN_64_TO_32_BIT_CONVERSION = YES;
				GCC_WARN_ABOUT_RETURN_TYPE = YES_ERROR;
				GCC_WARN_UNDECLARED_SELECTOR = YES;
				GCC_WARN_UNINITIALIZED_AUTOS = YES_AGGRESSIVE;
				GCC_WARN_UNUSED_FUNCTION = YES;
				GCC_WARN_UNUSED_VARIABLE = YES;
				IPHONEOS_DEPLOYMENT_TARGET = 16.4;
				MTL_ENABLE_DEBUG_INFO = NO;
				MTL_FAST_MATH = YES;
				SDKROOT = iphoneos;
				VALIDATE_PRODUCT = YES;
			};
			name = Release;
		};
		3F2BFF8D2A978B260065429E /* Debug */ = {
			isa = XCBuildConfiguration;
			buildSettings = {
				ASSETCATALOG_COMPILER_APPICON_NAME = AppIcon;
				ASSETCATALOG_COMPILER_GLOBAL_ACCENT_COLOR_NAME = AccentColor;
				CODE_SIGN_STYLE = Automatic;
				CURRENT_PROJECT_VERSION = 1;
				DEVELOPMENT_TEAM = 86JSFRSCH9;
				GENERATE_INFOPLIST_FILE = YES;
				INFOPLIST_FILE = TouchPainter/Info.plist;
				INFOPLIST_KEY_UIApplicationSupportsIndirectInputEvents = YES;
				INFOPLIST_KEY_UILaunchStoryboardName = LaunchScreen;
				INFOPLIST_KEY_UIMainStoryboardFile = "";
				INFOPLIST_KEY_UISupportedInterfaceOrientations_iPad = "UIInterfaceOrientationPortrait UIInterfaceOrientationPortraitUpsideDown UIInterfaceOrientationLandscapeLeft UIInterfaceOrientationLandscapeRight";
				INFOPLIST_KEY_UISupportedInterfaceOrientations_iPhone = "UIInterfaceOrientationPortrait UIInterfaceOrientationLandscapeLeft UIInterfaceOrientationLandscapeRight";
				LD_RUNPATH_SEARCH_PATHS = (
					"$(inherited)",
					"@executable_path/Frameworks",
				);
				MARKETING_VERSION = 1.0;
				PRODUCT_BUNDLE_IDENTIFIER = com.jane.TouchPainter;
				PRODUCT_NAME = "$(TARGET_NAME)";
				SWIFT_EMIT_LOC_STRINGS = YES;
				TARGETED_DEVICE_FAMILY = "1,2";
			};
			name = Debug;
		};
		3F2BFF8E2A978B260065429E /* Release */ = {
			isa = XCBuildConfiguration;
			buildSettings = {
				ASSETCATALOG_COMPILER_APPICON_NAME = AppIcon;
				ASSETCATALOG_COMPILER_GLOBAL_ACCENT_COLOR_NAME = AccentColor;
				CODE_SIGN_STYLE = Automatic;
				CURRENT_PROJECT_VERSION = 1;
				DEVELOPMENT_TEAM = 86JSFRSCH9;
				GENERATE_INFOPLIST_FILE = YES;
				INFOPLIST_FILE = TouchPainter/Info.plist;
				INFOPLIST_KEY_UIApplicationSupportsIndirectInputEvents = YES;
				INFOPLIST_KEY_UILaunchStoryboardName = LaunchScreen;
				INFOPLIST_KEY_UIMainStoryboardFile = "";
				INFOPLIST_KEY_UISupportedInterfaceOrientations_iPad = "UIInterfaceOrientationPortrait UIInterfaceOrientationPortraitUpsideDown UIInterfaceOrientationLandscapeLeft UIInterfaceOrientationLandscapeRight";
				INFOPLIST_KEY_UISupportedInterfaceOrientations_iPhone = "UIInterfaceOrientationPortrait UIInterfaceOrientationLandscapeLeft UIInterfaceOrientationLandscapeRight";
				LD_RUNPATH_SEARCH_PATHS = (
					"$(inherited)",
					"@executable_path/Frameworks",
				);
				MARKETING_VERSION = 1.0;
				PRODUCT_BUNDLE_IDENTIFIER = com.jane.TouchPainter;
				PRODUCT_NAME = "$(TARGET_NAME)";
				SWIFT_EMIT_LOC_STRINGS = YES;
				TARGETED_DEVICE_FAMILY = "1,2";
			};
			name = Release;
		};
/* End XCBuildConfiguration section */

/* Begin XCConfigurationList section */
		3F2BFF6E2A978B250065429E /* Build configuration list for PBXProject "TouchPainter" */ = {
			isa = XCConfigurationList;
			buildConfigurations = (
				3F2BFF8A2A978B260065429E /* Debug */,
				3F2BFF8B2A978B260065429E /* Release */,
			);
			defaultConfigurationIsVisible = 0;
			defaultConfigurationName = Release;
		};
		3F2BFF8C2A978B260065429E /* Build configuration list for PBXNativeTarget "TouchPainter" */ = {
			isa = XCConfigurationList;
			buildConfigurations = (
				3F2BFF8D2A978B260065429E /* Debug */,
				3F2BFF8E2A978B260065429E /* Release */,
			);
			defaultConfigurationIsVisible = 0;
			defaultConfigurationName = Release;
		};
/* End XCConfigurationList section */
	};
	rootObject = 3F2BFF6B2A978B250065429E /* Project object */;
}
